
Microsoft Visual Studio Solution File, Format Version 12.00
# Visual Studio 15
VisualStudioVersion = 15.0.27703.2042
MinimumVisualStudioVersion = 10.0.40219.1
Project("{FAE04EC0-301F-11D3-BF4B-00C04F79EFBC}") = "FIT5032_app", "FIT5032_app\FIT5032_app.csproj", "{AA951CCB-5410-4D7B-B50B-F382E3B0AE38}"
EndProject
Project("{FAE04EC0-301F-11D3-BF4B-00C04F79EFBC}") = "FIT5032_app.Tests", "FIT5032_app.Tests\FIT5032_app.Tests.csproj", "{00646190-D88F-476D-86F7-1E68DC48B97A}"
EndProject
Global
	GlobalSection(SolutionConfigurationPlatforms) = preSolution
		Debug|Any CPU = Debug|Any CPU
		Release|Any CPU = Release|Any CPU
	EndGlobalSection
	GlobalSection(ProjectConfigurationPlatforms) = postSolution
		{AA951CCB-5410-4D7B-B50B-F382E3B0AE38}.Debug|Any CPU.ActiveCfg = Debug|Any CPU
		{AA951CCB-5410-4D7B-B50B-F382E3B0AE38}.Debug|Any CPU.Build.0 = Debug|Any CPU
		{AA951CCB-5410-4D7B-B50B-F382E3B0AE38}.Release|Any CPU.ActiveCfg = Release|Any CPU
		{AA951CCB-5410-4D7B-B50B-F382E3B0AE38}.Release|Any CPU.Build.0 = Release|Any CPU
		{00646190-D88F-476D-86F7-1E68DC48B97A}.Debug|Any CPU.ActiveCfg = Debug|Any CPU
		{00646190-D88F-476D-86F7-1E68DC48B97A}.Debug|Any CPU.Build.0 = Debug|Any CPU
		{00646190-D88F-476D-86F7-1E68DC48B97A}.Release|Any CPU.ActiveCfg = Release|Any CPU
		{00646190-D88F-476D-86F7-1E68DC48B97A}.Release|Any CPU.Build.0 = Release|Any CPU
	EndGlobalSection
	GlobalSection(SolutionProperties) = preSolution
		HideSolutionNode = FALSE
	EndGlobalSection
	GlobalSection(ExtensibilityGlobals) = postSolution
		SolutionGuid = {3115C22D-6FE2-4ABE-80AE-B68435E2623A}
	EndGlobalSection
EndGlobal
